
Microsoft Visual Studio Solution File, Format Version 12.00
# Visual Studio 14
VisualStudioVersion = 14.0.23107.0
MinimumVisualStudioVersion = 10.0.40219.1
Project("{8BC9CEB8-8B4A-11D0-8D11-00A0C91BC942}") = "Flysmith", "Flysmith\Flysmith.vcxproj", "{9EB2712F-A1B7-405C-A513-C168E92E0351}"
EndProject
Project("{8BC9CEB8-8B4A-11D0-8D11-00A0C91BC942}") = "KebabEngine", "KebabEngine\KebabEngine.vcxproj", "{396E5932-C801-4089-8A0D-33CEC31A9336}"
	ProjectSection(ProjectDependencies) = postProject
		{B0210E0E-6C84-4F0B-995F-541801EE6981} = {B0210E0E-6C84-4F0B-995F-541801EE6981}
		{2D2DDCB5-46CB-47ED-8BC0-913F90BDEA7F} = {2D2DDCB5-46CB-47ED-8BC0-913F90BDEA7F}
	EndProjectSection
EndProject
Project("{8BC9CEB8-8B4A-11D0-8D11-00A0C91BC942}") = "KebabD3D12", "KebabD3D12\KebabD3D12.vcxproj", "{2D2DDCB5-46CB-47ED-8BC0-913F90BDEA7F}"
EndProject
Project("{8BC9CEB8-8B4A-11D0-8D11-00A0C91BC942}") = "KebabGL", "KebabGL\KebabGL.vcxproj", "{B0210E0E-6C84-4F0B-995F-541801EE6981}"
EndProject
Global
	GlobalSection(SolutionConfigurationPlatforms) = preSolution
		Debug|x64 = Debug|x64
		Debug|x86 = Debug|x86
		Release|x64 = Release|x64
		Release|x86 = Release|x86
	EndGlobalSection
	GlobalSection(ProjectConfigurationPlatforms) = postSolution
		{9EB2712F-A1B7-405C-A513-C168E92E0351}.Debug|x64.ActiveCfg = Debug|x64
		{9EB2712F-A1B7-405C-A513-C168E92E0351}.Debug|x64.Build.0 = Debug|x64
		{9EB2712F-A1B7-405C-A513-C168E92E0351}.Debug|x86.ActiveCfg = Debug|Win32
		{9EB2712F-A1B7-405C-A513-C168E92E0351}.Debug|x86.Build.0 = Debug|Win32
		{9EB2712F-A1B7-405C-A513-C168E92E0351}.Release|x64.ActiveCfg = Release|x64
		{9EB2712F-A1B7-405C-A513-C168E92E0351}.Release|x64.Build.0 = Release|x64
		{9EB2712F-A1B7-405C-A513-C168E92E0351}.Release|x86.ActiveCfg = Release|Win32
		{9EB2712F-A1B7-405C-A513-C168E92E0351}.Release|x86.Build.0 = Release|Win32
		{396E5932-C801-4089-8A0D-33CEC31A9336}.Debug|x64.ActiveCfg = Debug|x64
		{396E5932-C801-4089-8A0D-33CEC31A9336}.Debug|x64.Build.0 = Debug|x64
		{396E5932-C801-4089-8A0D-33CEC31A9336}.Debug|x86.ActiveCfg = Debug|Win32
		{396E5932-C801-4089-8A0D-33CEC31A9336}.Debug|x86.Build.0 = Debug|Win32
		{396E5932-C801-4089-8A0D-33CEC31A9336}.Release|x64.ActiveCfg = Release|x64
		{396E5932-C801-4089-8A0D-33CEC31A9336}.Release|x64.Build.0 = Release|x64
		{396E5932-C801-4089-8A0D-33CEC31A9336}.Release|x86.ActiveCfg = Release|Win32
		{396E5932-C801-4089-8A0D-33CEC31A9336}.Release|x86.Build.0 = Release|Win32
		{2D2DDCB5-46CB-47ED-8BC0-913F90BDEA7F}.Debug|x64.ActiveCfg = Debug|x64
		{2D2DDCB5-46CB-47ED-8BC0-913F90BDEA7F}.Debug|x64.Build.0 = Debug|x64
		{2D2DDCB5-46CB-47ED-8BC0-913F90BDEA7F}.Debug|x86.ActiveCfg = Debug|Win32
		{2D2DDCB5-46CB-47ED-8BC0-913F90BDEA7F}.Debug|x86.Build.0 = Debug|Win32
		{2D2DDCB5-46CB-47ED-8BC0-913F90BDEA7F}.Release|x64.ActiveCfg = Release|x64
		{2D2DDCB5-46CB-47ED-8BC0-913F90BDEA7F}.Release|x64.Build.0 = Release|x64
		{2D2DDCB5-46CB-47ED-8BC0-913F90BDEA7F}.Release|x86.ActiveCfg = Release|Win32
		{2D2DDCB5-46CB-47ED-8BC0-913F90BDEA7F}.Release|x86.Build.0 = Release|Win32
		{B0210E0E-6C84-4F0B-995F-541801EE6981}.Debug|x64.ActiveCfg = Debug|x64
		{B0210E0E-6C84-4F0B-995F-541801EE6981}.Debug|x64.Build.0 = Debug|x64
		{B0210E0E-6C84-4F0B-995F-541801EE6981}.Debug|x86.ActiveCfg = Debug|Win32
		{B0210E0E-6C84-4F0B-995F-541801EE6981}.Debug|x86.Build.0 = Debug|Win32
		{B0210E0E-6C84-4F0B-995F-541801EE6981}.Release|x64.ActiveCfg = Release|x64
		{B0210E0E-6C84-4F0B-995F-541801EE6981}.Release|x64.Build.0 = Release|x64
		{B0210E0E-6C84-4F0B-995F-541801EE6981}.Release|x86.ActiveCfg = Release|Win32
		{B0210E0E-6C84-4F0B-995F-541801EE6981}.Release|x86.Build.0 = Release|Win32
	EndGlobalSection
	GlobalSection(SolutionProperties) = preSolution
		HideSolutionNode = FALSE
	EndGlobalSection
EndGlobal
