<?xml version="1.0" encoding="utf-8"?>
<Project ToolsVersion="4.0" xmlns="http://schemas.microsoft.com/developer/msbuild/2003">
  <ItemGroup>
    <Filter Include="Source Files">
      <UniqueIdentifier>{4FC737F1-C7A5-4376-A066-2A32D752A2FF}</UniqueIdentifier>
      <Extensions>cpp;c;cc;cxx;def;odl;idl;hpj;bat;asm;asmx</Extensions>
    </Filter>
    <Filter Include="Header Files">
      <UniqueIdentifier>{93995380-89BD-4b04-88EB-625FBE52EBFB}</UniqueIdentifier>
      <Extensions>h;hh;hpp;hxx;hm;inl;inc;xsd</Extensions>
    </Filter>
    <Filter Include="Resource Files">
      <UniqueIdentifier>{67DA6AB6-F800-4c08-8B7A-83BB121AAD01}</UniqueIdentifier>
      <Extensions>rc;ico;cur;bmp;dlg;rc2;rct;bin;rgs;gif;jpg;jpeg;jpe;resx;tiff;tif;png;wav;mfcribbon-ms</Extensions>
    </Filter>
  </ItemGroup>
  <ItemGroup>
    <ClCompile Include="Private\DXGI\DXGIAdapter.cpp">
      <Filter>Source Files</Filter>
    </ClCompile>
    <ClCompile Include="Private\StateObjects\BlendStateConfig.cpp">
      <Filter>Source Files</Filter>
    </ClCompile>
    <ClCompile Include="Private\StateObjects\RasterizerStateConfig.cpp">
      <Filter>Source Files</Filter>
    </ClCompile>
    <ClCompile Include="Private\HardwareCaps.cpp">
      <Filter>Source Files</Filter>
    </ClCompile>
    <ClCompile Include="Private\Renderer.cpp">
      <Filter>Source Files</Filter>
    </ClCompile>
    <ClCompile Include="Private\Pipeline\PipelineStateObject.cpp">
      <Filter>Source Files</Filter>
    </ClCompile>
    <ClCompile Include="Private\Resources\RootSignatureFactory.cpp">
      <Filter>Source Files</Filter>
    </ClCompile>
    <ClCompile Include="Private\Pipeline\ShaderProgram.cpp">
      <Filter>Source Files</Filter>
    </ClCompile>
    <ClCompile Include="Private\Resources\UploadHeap.cpp">
      <Filter>Source Files</Filter>
    </ClCompile>
    <ClCompile Include="Private\Pipeline\ScissorRectangle.cpp">
      <Filter>Source Files</Filter>
    </ClCompile>
    <ClCompile Include="Private\Pipeline\SwapChain.cpp">
      <Filter>Source Files</Filter>
    </ClCompile>
    <ClCompile Include="Private\Pipeline\SwapChainConfig.cpp">
      <Filter>Source Files</Filter>
    </ClCompile>
    <ClCompile Include="Private\Pipeline\Viewport.cpp">
      <Filter>Source Files</Filter>
    </ClCompile>
    <ClCompile Include="Private\PCH.cpp">
      <Filter>Source Files</Filter>
    </ClCompile>
    <ClCompile Include="Private\Mesh.cpp">
      <Filter>Source Files</Filter>
    </ClCompile>
    <ClCompile Include="Private\Resources\ResourceConfig.cpp">
      <Filter>Source Files</Filter>
    </ClCompile>
    <ClCompile Include="Private\Camera.cpp">
      <Filter>Source Files</Filter>
    </ClCompile>
    <ClCompile Include="Private\Pipeline\CommandQueue.cpp">
      <Filter>Source Files</Filter>
    </ClCompile>
    <ClCompile Include="Private\Pipeline\CommandAllocator.cpp">
      <Filter>Source Files</Filter>
    </ClCompile>
    <ClCompile Include="Private\Pipeline\CommandList.cpp">
      <Filter>Source Files</Filter>
    </ClCompile>
    <ClCompile Include="Private\Resources\ResourceBarrier.cpp">
      <Filter>Source Files</Filter>
    </ClCompile>
    <ClCompile Include="Private\Device.cpp">
      <Filter>Source Files</Filter>
    </ClCompile>
    <ClCompile Include="Private\Fence.cpp">
      <Filter>Source Files</Filter>
    </ClCompile>
    <ClCompile Include="Private\RendererImpl.cpp">
      <Filter>Source Files</Filter>
    </ClCompile>
    <ClCompile Include="Private\Descriptors\VertexBufferView.cpp">
      <Filter>Source Files</Filter>
    </ClCompile>
    <ClCompile Include="Private\Descriptors\IndexBufferView.cpp">
      <Filter>Source Files</Filter>
    </ClCompile>
    <ClCompile Include="Private\Descriptors\ConstantBufferView.cpp">
      <Filter>Source Files</Filter>
    </ClCompile>
    <ClCompile Include="Private\Math\Quaternion.cpp">
      <Filter>Source Files</Filter>
    </ClCompile>
    <ClCompile Include="Private\Math\Transform.cpp">
      <Filter>Source Files</Filter>
    </ClCompile>
    <ClCompile Include="Private\Math\TransformNoScale.cpp">
      <Filter>Source Files</Filter>
    </ClCompile>
    <ClCompile Include="Private\Resources\Resource.cpp">
      <Filter>Source Files</Filter>
    </ClCompile>
    <ClCompile Include="Private\Math\OrthographicMatrix.cpp">
      <Filter>Source Files</Filter>
    </ClCompile>
    <ClCompile Include="Private\Math\PerspectiveMatrix.cpp">
      <Filter>Source Files</Filter>
    </ClCompile>
    <ClCompile Include="Private\Math\ProjectionMatrix.cpp">
      <Filter>Source Files</Filter>
    </ClCompile>
    <ClCompile Include="Private\Resources\ResourceCache.cpp">
      <Filter>Source Files</Filter>
    </ClCompile>
    <ClCompile Include="Private\RenderComponent.cpp">
      <Filter>Source Files</Filter>
    </ClCompile>
    <ClCompile Include="Private\Descriptors\DescriptorTable.cpp">
      <Filter>Source Files</Filter>
    </ClCompile>
    <ClCompile Include="Private\Descriptors\DescriptorHeap.cpp">
      <Filter>Source Files</Filter>
    </ClCompile>
  </ItemGroup>
  <ItemGroup>
    <ClInclude Include="Private\DXGI\DXGIAdapter.h">
      <Filter>Header Files</Filter>
    </ClInclude>
    <ClInclude Include="Private\StateObjects\BlendStateConfig.h">
      <Filter>Header Files</Filter>
    </ClInclude>
    <ClInclude Include="Private\StateObjects\RasterizerStateConfig.h">
      <Filter>Header Files</Filter>
    </ClInclude>
    <ClInclude Include="Private\HardwareCaps.h">
      <Filter>Header Files</Filter>
    </ClInclude>
    <ClInclude Include="Private\Pipeline\PipelineStateObject.h">
      <Filter>Header Files</Filter>
    </ClInclude>
    <ClInclude Include="Private\Resources\RootSignatureFactory.h">
      <Filter>Header Files</Filter>
    </ClInclude>
    <ClInclude Include="Private\Resources\UploadHeap.h">
      <Filter>Header Files</Filter>
    </ClInclude>
    <ClInclude Include="Private\Pipeline\ScissorRectangle.h">
      <Filter>Header Files</Filter>
    </ClInclude>
    <ClInclude Include="Private\Pipeline\SwapChain.h">
      <Filter>Header Files</Filter>
    </ClInclude>
    <ClInclude Include="Private\Pipeline\SwapChainConfig.h">
      <Filter>Header Files</Filter>
    </ClInclude>
    <ClInclude Include="Private\Pipeline\Viewport.h">
      <Filter>Header Files</Filter>
    </ClInclude>
    <ClInclude Include="Private\PCH.h">
      <Filter>Header Files</Filter>
    </ClInclude>
    <ClInclude Include="Private\Resources\ResourceConfig.h">
      <Filter>Header Files</Filter>
    </ClInclude>
    <ClInclude Include="Public\PublicDef.h">
      <Filter>Header Files</Filter>
    </ClInclude>
    <ClInclude Include="Public\Renderer.h">
      <Filter>Header Files</Filter>
    </ClInclude>
    <ClInclude Include="Public\Types.h">
      <Filter>Header Files</Filter>
    </ClInclude>
    <ClInclude Include="Private\Pipeline\CommandQueue.h">
      <Filter>Header Files</Filter>
    </ClInclude>
    <ClInclude Include="Private\Pipeline\CommandAllocator.h">
      <Filter>Header Files</Filter>
    </ClInclude>
    <ClInclude Include="Private\Pipeline\CommandList.h">
      <Filter>Header Files</Filter>
    </ClInclude>
    <ClInclude Include="Private\Resources\ResourceBarrier.h">
      <Filter>Header Files</Filter>
    </ClInclude>
    <ClInclude Include="Private\Device.h">
      <Filter>Header Files</Filter>
    </ClInclude>
    <ClInclude Include="Private\Fence.h">
      <Filter>Header Files</Filter>
    </ClInclude>
    <ClInclude Include="Private\RendererImpl.h">
      <Filter>Header Files</Filter>
    </ClInclude>
    <ClInclude Include="Private\Descriptors\VertexBufferView.h">
      <Filter>Header Files</Filter>
    </ClInclude>
    <ClInclude Include="Private\Descriptors\IndexBufferView.h">
      <Filter>Header Files</Filter>
    </ClInclude>
    <ClInclude Include="Private\Descriptors\ConstantBufferView.h">
      <Filter>Header Files</Filter>
    </ClInclude>
    <ClInclude Include="Public\Transform.h">
      <Filter>Header Files</Filter>
    </ClInclude>
    <ClInclude Include="Private\Camera.h">
      <Filter>Header Files</Filter>
    </ClInclude>
    <ClInclude Include="Public\Quaternion.h">
      <Filter>Header Files</Filter>
    </ClInclude>
    <ClInclude Include="Public\TransformNoScale.h">
      <Filter>Header Files</Filter>
    </ClInclude>
    <ClInclude Include="Private\Resources\Resource.h">
      <Filter>Header Files</Filter>
    </ClInclude>
    <ClInclude Include="Private\Math\OrthographicMatrix.h">
      <Filter>Header Files</Filter>
    </ClInclude>
    <ClInclude Include="Private\Math\PerspectiveMatrix.h">
      <Filter>Header Files</Filter>
    </ClInclude>
    <ClInclude Include="Private\Math\ProjectionMatrix.h">
      <Filter>Header Files</Filter>
    </ClInclude>
    <ClInclude Include="Private\Resources\ResourceCache.h">
      <Filter>Header Files</Filter>
    </ClInclude>
    <ClInclude Include="Private\RenderObject.h">
      <Filter>Header Files</Filter>
    </ClInclude>
    <ClInclude Include="Public\Vertex.h">
      <Filter>Header Files</Filter>
    </ClInclude>
    <ClInclude Include="Private\Mesh.h">
      <Filter>Header Files</Filter>
    </ClInclude>
    <ClInclude Include="Private\RenderItem.h">
      <Filter>Header Files</Filter>
    </ClInclude>
    <ClInclude Include="Public\ShaderTypes.h">
      <Filter>Header Files</Filter>
    </ClInclude>
    <ClInclude Include="Private\Pipeline\ShaderProgram.h">
      <Filter>Header Files</Filter>
    </ClInclude>
    <ClInclude Include="Public\RenderComponent.h">
      <Filter>Header Files</Filter>
    </ClInclude>
    <ClInclude Include="Private\Descriptors\DescriptorTable.h">
      <Filter>Header Files</Filter>
    </ClInclude>
    <ClInclude Include="Private\Descriptors\DescriptorHeap.h">
      <Filter>Header Files</Filter>
    </ClInclude>
  </ItemGroup>
  <ItemGroup>
    <FxCompile Include="Private\Shaders\TestPS.hlsl" />
    <FxCompile Include="Private\Shaders\TestVS.hlsl" />
  </ItemGroup>
  <ItemGroup>
    <None Include="Private\Shaders\TestHeader.hlsli" />
  </ItemGroup>
</Project>